PODS:
  - add_2_calendar (0.0.1):
    - Flutter
  - Flutter (1.0.0)
  - flutter_local_notifications (0.0.1):
    - Flutter

DEPENDENCIES:
  - add_2_calendar (from `.symlinks/plugins/add_2_calendar/ios`)
  - Flutter (from `Flutter`)
  - flutter_local_notifications (from `.symlinks/plugins/flutter_local_notifications/ios`)

EXTERNAL SOURCES:
  add_2_calendar:
    :path: ".symlinks/plugins/add_2_calendar/ios"
  Flutter:
    :path: Flutter
  flutter_local_notifications:
    :path: ".symlinks/plugins/flutter_local_notifications/ios"

SPEC CHECKSUMS:
  add_2_calendar: 5eee66d5a3b99cd5e1487a7e03abd4e3ac4aff11
  Flutter: cabc95a1d2626b1b06e7179b784ebcf0c0cde467
  flutter_local_notifications: df98d66e515e1ca797af436137b4459b160ad8c9

PODFILE CHECKSUM: b9d7b0302d6cb010b3146a739cf8354d2ef72eb4

COCOAPODS: 1.15.2
